
Microsoft Visual Studio Solution File, Format Version 12.00
# Visual Studio 15
VisualStudioVersion = 15.0.26730.15
MinimumVisualStudioVersion = 10.0.40219.1
Project("{FAE04EC0-301F-11D3-BF4B-00C04F79EFBC}") = "Oscar.ConsoleApp", "TestApp1\Oscar.ConsoleApp.csproj", "{A50280E1-4A15-41CE-B16E-6540C958B060}"
EndProject
Project("{FAE04EC0-301F-11D3-BF4B-00C04F79EFBC}") = "Oscar.UI", "Oscar.UI\Oscar.UI.csproj", "{93AC4877-CBED-4EFA-97F6-122B26C02E0E}"
EndProject
Project("{FAE04EC0-301F-11D3-BF4B-00C04F79EFBC}") = "Oscar.BL", "Oscar.BL\Oscar.BL.csproj", "{ED731D42-ABD4-4C13-8BE4-7C02CF337597}"
EndProject
Project("{FAE04EC0-301F-11D3-BF4B-00C04F79EFBC}") = "Oscar.UI.WPF", "Oscar.UI.WPF\Oscar.UI.WPF.csproj", "{75BD0192-6AE6-4D74-B66A-0CB8BCB59C1A}"
EndProject
Global
	GlobalSection(SolutionConfigurationPlatforms) = preSolution
		Debug|Any CPU = Debug|Any CPU
		Release|Any CPU = Release|Any CPU
	EndGlobalSection
	GlobalSection(ProjectConfigurationPlatforms) = postSolution
		{A50280E1-4A15-41CE-B16E-6540C958B060}.Debug|Any CPU.ActiveCfg = Debug|Any CPU
		{A50280E1-4A15-41CE-B16E-6540C958B060}.Debug|Any CPU.Build.0 = Debug|Any CPU
		{A50280E1-4A15-41CE-B16E-6540C958B060}.Release|Any CPU.ActiveCfg = Release|Any CPU
		{A50280E1-4A15-41CE-B16E-6540C958B060}.Release|Any CPU.Build.0 = Release|Any CPU
		{93AC4877-CBED-4EFA-97F6-122B26C02E0E}.Debug|Any CPU.ActiveCfg = Debug|Any CPU
		{93AC4877-CBED-4EFA-97F6-122B26C02E0E}.Debug|Any CPU.Build.0 = Debug|Any CPU
		{93AC4877-CBED-4EFA-97F6-122B26C02E0E}.Release|Any CPU.ActiveCfg = Release|Any CPU
		{93AC4877-CBED-4EFA-97F6-122B26C02E0E}.Release|Any CPU.Build.0 = Release|Any CPU
		{ED731D42-ABD4-4C13-8BE4-7C02CF337597}.Debug|Any CPU.ActiveCfg = Debug|Any CPU
		{ED731D42-ABD4-4C13-8BE4-7C02CF337597}.Debug|Any CPU.Build.0 = Debug|Any CPU
		{ED731D42-ABD4-4C13-8BE4-7C02CF337597}.Release|Any CPU.ActiveCfg = Release|Any CPU
		{ED731D42-ABD4-4C13-8BE4-7C02CF337597}.Release|Any CPU.Build.0 = Release|Any CPU
		{75BD0192-6AE6-4D74-B66A-0CB8BCB59C1A}.Debug|Any CPU.ActiveCfg = Debug|Any CPU
		{75BD0192-6AE6-4D74-B66A-0CB8BCB59C1A}.Debug|Any CPU.Build.0 = Debug|Any CPU
		{75BD0192-6AE6-4D74-B66A-0CB8BCB59C1A}.Release|Any CPU.ActiveCfg = Release|Any CPU
		{75BD0192-6AE6-4D74-B66A-0CB8BCB59C1A}.Release|Any CPU.Build.0 = Release|Any CPU
	EndGlobalSection
	GlobalSection(SolutionProperties) = preSolution
		HideSolutionNode = FALSE
	EndGlobalSection
	GlobalSection(ExtensibilityGlobals) = postSolution
		SolutionGuid = {F779C595-CBE0-46BC-976D-B46172AA2856}
	EndGlobalSection
EndGlobal
